schema: '2.0'
stages:
  data_ingestion:
    cmd: python src\data\data_ingestion.py
    deps:
    - path: src\data\data_ingestion.py
      hash: md5
      md5: 42d9159406c9eea5815dc33bab9fb469
      size: 1416
    outs:
    - path: data\raw\test.csv
      hash: md5
      md5: 00e92fbd32276319d5b2efb0c047cd51
      size: 248475
    - path: data\raw\train.csv
      hash: md5
      md5: 0b51c9a20421c5215654dc30eb0cb163
      size: 579498
  data_preprocessing:
    cmd: python src\data\data_preprocessing.py
    deps:
    - path: data\raw\test.csv
      hash: md5
      md5: 00e92fbd32276319d5b2efb0c047cd51
      size: 248475
    - path: data\raw\train.csv
      hash: md5
      md5: 0b51c9a20421c5215654dc30eb0cb163
      size: 579498
    - path: src\data\data_preprocessing.py
      hash: md5
      md5: ab8d5dcf9376a4fcd1ce762a7cc61d5c
      size: 3186
    outs:
    - path: data\processed\test.csv
      hash: md5
      md5: 77e002c6632d604c0bfd70d9b845847e
      size: 169992
    - path: data\processed\train.csv
      hash: md5
      md5: c91070b226cb06f9b54abdf85ebb2cd4
      size: 396218
  feature_engineering:
    cmd: python features/features.py
    deps:
    - path: data/processed/test.csv
      hash: md5
      md5: 870497ce96052cddf73c1a13036432ef
      size: 112656
    - path: data/processed/train.csv
      hash: md5
      md5: 637f3709b44460480d998aff20ae7a5e
      size: 453554
    - path: features/features.py
      hash: md5
      md5: a3796717e9d749a263fe41914817048d
      size: 1323
    outs:
    - path: data/interim/test_bow.csv
      hash: md5
      md5: fe8680a8b20b873d55e63aec5b3d1aa2
      size: 59114847
    - path: data/interim/train_bow.csv
      hash: md5
      md5: a6588e28a5d0219f84607ccadc322b2d
      size: 236293455
  model_training:
    cmd: python modelling/modelling.py
    deps:
    - path: data/interim/train_bow.csv
      hash: md5
      md5: a6588e28a5d0219f84607ccadc322b2d
      size: 236293455
    - path: modelling/modelling.py
      hash: md5
      md5: d6b7044623c3e7e74037d5d81bfc9b7f
      size: 430
    outs:
    - path: models/random_forest_model.pkl
      hash: md5
      md5: 168ba99528a2d8de18ea3b8dcf9e8edd
      size: 55583873
  model_evaluation:
    cmd: python modelling\model_evaluation.py
    deps:
    - path: data\interim\test_bow.csv
      hash: md5
      md5: 83ec06f3bbff1ce2cc39c5ba0f8dcf0d
      size: 943433
    - path: modelling\model_evaluation.py
      hash: md5
      md5: 3a8621758cad9e686a92942afc671a65
      size: 723
    - path: models\random_forest_model.pkl
      hash: md5
      md5: 1e6a59d205371a71014f12900a8d4344
      size: 961670
    outs:
    - path: reports\metrics.json
      hash: md5
      md5: e0c9307819aed6f2eff826a9b3755646
      size: 149
  feature_engg:
    cmd: python features\features.py
    deps:
    - path: data\processed\test.csv
      hash: md5
      md5: 77e002c6632d604c0bfd70d9b845847e
      size: 169992
    - path: data\processed\train.csv
      hash: md5
      md5: c91070b226cb06f9b54abdf85ebb2cd4
      size: 396218
    - path: features\features.py
      hash: md5
      md5: 8b71ef8b108ee73e418bddc8c3f7835e
      size: 1609
    outs:
    - path: data\interim\test_bow.csv
      hash: md5
      md5: 83ec06f3bbff1ce2cc39c5ba0f8dcf0d
      size: 943433
    - path: data\interim\train_bow.csv
      hash: md5
      md5: f90ea122d98137eea993d95b80038d39
      size: 2200277
  modelling:
    cmd: python modelling\modelling.py
    deps:
    - path: data\interim\train_bow.csv
      hash: md5
      md5: f90ea122d98137eea993d95b80038d39
      size: 2200277
    - path: modelling\modelling.py
      hash: md5
      md5: 18b18ff55e159e3d0f381f87893feec5
      size: 749
    outs:
    - path: models\random_forest_model.pkl
      hash: md5
      md5: 1e6a59d205371a71014f12900a8d4344
      size: 961670
